// !$*UTF8*$!
{
	archiveVersion = 1;
	classes = {
	};
	objectVersion = 46;
	objects = {

/* Begin PBXBuildFile section */
		16A3CAA619DAB9E5000222F7 /* main.m in Sources */ = {isa = PBXBuildFile; fileRef = 16A3CAA519DAB9E5000222F7 /* main.m */; };
		16A3CAA919DAB9E5000222F7 /* AppDelegate.m in Sources */ = {isa = PBXBuildFile; fileRef = 16A3CAA819DAB9E5000222F7 /* AppDelegate.m */; };
		16A3CAAC19DAB9E5000222F7 /* ViewController.m in Sources */ = {isa = PBXBuildFile; fileRef = 16A3CAAB19DAB9E5000222F7 /* ViewController.m */; };
		16A3CAAF19DAB9E5000222F7 /* Main.storyboard in Resources */ = {isa = PBXBuildFile; fileRef = 16A3CAAD19DAB9E5000222F7 /* Main.storyboard */; };
		16A3CAB119DAB9E5000222F7 /* Images.xcassets in Resources */ = {isa = PBXBuildFile; fileRef = 16A3CAB019DAB9E5000222F7 /* Images.xcassets */; };
		16A3CAB419DAB9E5000222F7 /* LaunchScreen.xib in Resources */ = {isa = PBXBuildFile; fileRef = 16A3CAB219DAB9E5000222F7 /* LaunchScreen.xib */; };
		16A3CAC019DAB9E6000222F7 /* __tableViewTests.m in Sources */ = {isa = PBXBuildFile; fileRef = 16A3CABF19DAB9E6000222F7 /* __tableViewTests.m */; };
/* End PBXBuildFile section */

/* Begin PBXContainerItemProxy section */
		16A3CABA19DAB9E5000222F7 /* PBXContainerItemProxy */ = {
			isa = PBXContainerItemProxy;
			containerPortal = 16A3CA9819DAB9E4000222F7 /* Project object */;
			proxyType = 1;
			remoteGlobalIDString = 16A3CA9F19DAB9E5000222F7;
			remoteInfo = 2.tableView;
		};
/* End PBXContainerItemProxy section */

/* Begin PBXFileReference section */
		16A3CAA019DAB9E5000222F7 /* 2.tableView.app */ = {isa = PBXFileReference; explicitFileType = wrapper.application; includeInIndex = 0; path = 2.tableView.app; sourceTree = BUILT_PRODUCTS_DIR; };
		16A3CAA419DAB9E5000222F7 /* Info.plist */ = {isa = PBXFileReference; lastKnownFileType = text.plist.xml; path = Info.plist; sourceTree = "<group>"; };
		16A3CAA519DAB9E5000222F7 /* main.m */ = {isa = PBXFileReference; lastKnownFileType = sourcecode.c.objc; path = main.m; sourceTree = "<group>"; };
		16A3CAA719DAB9E5000222F7 /* AppDelegate.h */ = {isa = PBXFileReference; lastKnownFileType = sourcecode.c.h; path = AppDelegate.h; sourceTree = "<group>"; };
		16A3CAA819DAB9E5000222F7 /* AppDelegate.m */ = {isa = PBXFileReference; lastKnownFileType = sourcecode.c.objc; path = AppDelegate.m; sourceTree = "<group>"; };
		16A3CAAA19DAB9E5000222F7 /* ViewController.h */ = {isa = PBXFileReference; lastKnownFileType = sourcecode.c.h; path = ViewController.h; sourceTree = "<group>"; };
		16A3CAAB19DAB9E5000222F7 /* ViewController.m */ = {isa = PBXFileReference; lastKnownFileType = sourcecode.c.objc; path = ViewController.m; sourceTree = "<group>"; };
		16A3CAAE19DAB9E5000222F7 /* Base */ = {isa = PBXFileReference; lastKnownFileType = file.storyboard; name = Base; path = Base.lproj/Main.storyboard; sourceTree = "<group>"; };
		16A3CAB019DAB9E5000222F7 /* Images.xcassets */ = {isa = PBXFileReference; lastKnownFileType = folder.assetcatalog; path = Images.xcassets; sourceTree = "<group>"; };
		16A3CAB319DAB9E5000222F7 /* Base */ = {isa = PBXFileReference; lastKnownFileType = file.xib; name = Base; path = Base.lproj/LaunchScreen.xib; sourceTree = "<group>"; };
		16A3CAB919DAB9E5000222F7 /* 2.tableViewTests.xctest */ = {isa = PBXFileReference; explicitFileType = wrapper.cfbundle; includeInIndex = 0; path = 2.tableViewTests.xctest; sourceTree = BUILT_PRODUCTS_DIR; };
		16A3CABE19DAB9E6000222F7 /* Info.plist */ = {isa = PBXFileReference; lastKnownFileType = text.plist.xml; path = Info.plist; sourceTree = "<group>"; };
		16A3CABF19DAB9E6000222F7 /* __tableViewTests.m */ = {isa = PBXFileReference; lastKnownFileType = sourcecode.c.objc; path = __tableViewTests.m; sourceTree = "<group>"; };
/* End PBXFileReference section */

/* Begin PBXFrameworksBuildPhase section */
		16A3CA9D19DAB9E5000222F7 /* Frameworks */ = {
			isa = PBXFrameworksBuildPhase;
			buildActionMask = 2147483647;
			files = (
			);
			runOnlyForDeploymentPostprocessing = 0;
		};
		16A3CAB619DAB9E5000222F7 /* Frameworks */ = {
			isa = PBXFrameworksBuildPhase;
			buildActionMask = 2147483647;
			files = (
			);
			runOnlyForDeploymentPostprocessing = 0;
		};
/* End PBXFrameworksBuildPhase section */

/* Begin PBXGroup section */
		16A3CA9719DAB9E4000222F7 = {
			isa = PBXGroup;
			children = (
				16A3CAA219DAB9E5000222F7 /* 2.tableView */,
				16A3CABC19DAB9E5000222F7 /* 2.tableViewTests */,
				16A3CAA119DAB9E5000222F7 /* Products */,
			);
			sourceTree = "<group>";
		};
		16A3CAA119DAB9E5000222F7 /* Products */ = {
			isa = PBXGroup;
			children = (
				16A3CAA019DAB9E5000222F7 /* 2.tableView.app */,
				16A3CAB919DAB9E5000222F7 /* 2.tableViewTests.xctest */,
			);
			name = Products;
			sourceTree = "<group>";
		};
		16A3CAA219DAB9E5000222F7 /* 2.tableView */ = {
			isa = PBXGroup;
			children = (
				16A3CAA719DAB9E5000222F7 /* AppDelegate.h */,
				16A3CAA819DAB9E5000222F7 /* AppDelegate.m */,
				16A3CAAA19DAB9E5000222F7 /* ViewController.h */,
				16A3CAAB19DAB9E5000222F7 /* ViewController.m */,
				16A3CAAD19DAB9E5000222F7 /* Main.storyboard */,
				16A3CAB019DAB9E5000222F7 /* Images.xcassets */,
				16A3CAB219DAB9E5000222F7 /* LaunchScreen.xib */,
				16A3CAA319DAB9E5000222F7 /* Supporting Files */,
			);
			path = 2.tableView;
			sourceTree = "<group>";
		};
		16A3CAA319DAB9E5000222F7 /* Supporting Files */ = {
			isa = PBXGroup;
			children = (
				16A3CAA419DAB9E5000222F7 /* Info.plist */,
				16A3CAA519DAB9E5000222F7 /* main.m */,
			);
			name = "Supporting Files";
			sourceTree = "<group>";
		};
		16A3CABC19DAB9E5000222F7 /* 2.tableViewTests */ = {
			isa = PBXGroup;
			children = (
				16A3CABF19DAB9E6000222F7 /* __tableViewTests.m */,
				16A3CABD19DAB9E5000222F7 /* Supporting Files */,
			);
			path = 2.tableViewTests;
			sourceTree = "<group>";
		};
		16A3CABD19DAB9E5000222F7 /* Supporting Files */ = {
			isa = PBXGroup;
			children = (
				16A3CABE19DAB9E6000222F7 /* Info.plist */,
			);
			name = "Supporting Files";
			sourceTree = "<group>";
		};
/* End PBXGroup section */

/* Begin PBXNativeTarget section */
		16A3CA9F19DAB9E5000222F7 /* 2.tableView */ = {
			isa = PBXNativeTarget;
			buildConfigurationList = 16A3CAC319DAB9E6000222F7 /* Build configuration list for PBXNativeTarget "2.tableView" */;
			buildPhases = (
				16A3CA9C19DAB9E5000222F7 /* Sources */,
				16A3CA9D19DAB9E5000222F7 /* Frameworks */,
				16A3CA9E19DAB9E5000222F7 /* Resources */,
			);
			buildRules = (
			);
			dependencies = (
			);
			name = 2.tableView;
			productName = 2.tableView;
			productReference = 16A3CAA019DAB9E5000222F7 /* 2.tableView.app */;
			productType = "com.apple.product-type.application";
		};
		16A3CAB819DAB9E5000222F7 /* 2.tableViewTests */ = {
			isa = PBXNativeTarget;
			buildConfigurationList = 16A3CAC619DAB9E6000222F7 /* Build configuration list for PBXNativeTarget "2.tableViewTests" */;
			buildPhases = (
				16A3CAB519DAB9E5000222F7 /* Sources */,
				16A3CAB619DAB9E5000222F7 /* Frameworks */,
				16A3CAB719DAB9E5000222F7 /* Resources */,
			);
			buildRules = (
			);
			dependencies = (
				16A3CABB19DAB9E5000222F7 /* PBXTargetDependency */,
			);
			name = 2.tableViewTests;
			productName = 2.tableViewTests;
			productReference = 16A3CAB919DAB9E5000222F7 /* 2.tableViewTests.xctest */;
			productType = "com.apple.product-type.bundle.unit-test";
		};
/* End PBXNativeTarget section */

/* Begin PBXProject section */
		16A3CA9819DAB9E4000222F7 /* Project object */ = {
			isa = PBXProject;
			attributes = {
				LastUpgradeCheck = 0600;
				ORGANIZATIONNAME = "Appunite Builds";
				TargetAttributes = {
					16A3CA9F19DAB9E5000222F7 = {
						CreatedOnToolsVersion = 6.0.1;
					};
					16A3CAB819DAB9E5000222F7 = {
						CreatedOnToolsVersion = 6.0.1;
						TestTargetID = 16A3CA9F19DAB9E5000222F7;
					};
				};
			};
			buildConfigurationList = 16A3CA9B19DAB9E4000222F7 /* Build configuration list for PBXProject "2.tableView" */;
			compatibilityVersion = "Xcode 3.2";
			developmentRegion = English;
			hasScannedForEncodings = 0;
			knownRegions = (
				en,
				Base,
			);
			mainGroup = 16A3CA9719DAB9E4000222F7;
			productRefGroup = 16A3CAA119DAB9E5000222F7 /* Products */;
			projectDirPath = "";
			projectRoot = "";
			targets = (
				16A3CA9F19DAB9E5000222F7 /* 2.tableView */,
				16A3CAB819DAB9E5000222F7 /* 2.tableViewTests */,
			);
		};
/* End PBXProject section */

/* Begin PBXResourcesBuildPhase section */
		16A3CA9E19DAB9E5000222F7 /* Resources */ = {
			isa = PBXResourcesBuildPhase;
			buildActionMask = 2147483647;
			files = (
				16A3CAAF19DAB9E5000222F7 /* Main.storyboard in Resources */,
				16A3CAB419DAB9E5000222F7 /* LaunchScreen.xib in Resources */,
				16A3CAB119DAB9E5000222F7 /* Images.xcassets in Resources */,
			);
			runOnlyForDeploymentPostprocessing = 0;
		};
		16A3CAB719DAB9E5000222F7 /* Resources */ = {
			isa = PBXResourcesBuildPhase;
			buildActionMask = 2147483647;
			files = (
			);
			runOnlyForDeploymentPostprocessing = 0;
		};
/* End PBXResourcesBuildPhase section */

/* Begin PBXSourcesBuildPhase section */
		16A3CA9C19DAB9E5000222F7 /* Sources */ = {
			isa = PBXSourcesBuildPhase;
			buildActionMask = 2147483647;
			files = (
				16A3CAAC19DAB9E5000222F7 /* ViewController.m in Sources */,
				16A3CAA919DAB9E5000222F7 /* AppDelegate.m in Sources */,
				16A3CAA619DAB9E5000222F7 /* main.m in Sources */,
			);
			runOnlyForDeploymentPostprocessing = 0;
		};
		16A3CAB519DAB9E5000222F7 /* Sources */ = {
			isa = PBXSourcesBuildPhase;
			buildActionMask = 2147483647;
			files = (
				16A3CAC019DAB9E6000222F7 /* __tableViewTests.m in Sources */,
			);
			runOnlyForDeploymentPostprocessing = 0;
		};
/* End PBXSourcesBuildPhase section */

/* Begin PBXTargetDependency section */
		16A3CABB19DAB9E5000222F7 /* PBXTargetDependency */ = {
			isa = PBXTargetDependency;
			target = 16A3CA9F19DAB9E5000222F7 /* 2.tableView */;
			targetProxy = 16A3CABA19DAB9E5000222F7 /* PBXContainerItemProxy */;
		};
/* End PBXTargetDependency section */

/* Begin PBXVariantGroup section */
		16A3CAAD19DAB9E5000222F7 /* Main.storyboard */ = {
			isa = PBXVariantGroup;
			children = (
				16A3CAAE19DAB9E5000222F7 /* Base */,
			);
			name = Main.storyboard;
			sourceTree = "<group>";
		};
		16A3CAB219DAB9E5000222F7 /* LaunchScreen.xib */ = {
			isa = PBXVariantGroup;
			children = (
				16A3CAB319DAB9E5000222F7 /* Base */,
			);
			name = LaunchScreen.xib;
			sourceTree = "<group>";
		};
/* End PBXVariantGroup section */

/* Begin XCBuildConfiguration section */
		16A3CAC119DAB9E6000222F7 /* Debug */ = {
			isa = XCBuildConfiguration;
			buildSettings = {
				ALWAYS_SEARCH_USER_PATHS = NO;
				CLANG_CXX_LANGUAGE_STANDARD = "gnu++0x";
				CLANG_CXX_LIBRARY = "libc++";
				CLANG_ENABLE_MODULES = YES;
				CLANG_ENABLE_OBJC_ARC = YES;
				CLANG_WARN_BOOL_CONVERSION = YES;
				CLANG_WARN_CONSTANT_CONVERSION = YES;
				CLANG_WARN_DIRECT_OBJC_ISA_USAGE = YES_ERROR;
				CLANG_WARN_EMPTY_BODY = YES;
				CLANG_WARN_ENUM_CONVERSION = YES;
				CLANG_WARN_INT_CONVERSION = YES;
				CLANG_WARN_OBJC_ROOT_CLASS = YES_ERROR;
				CLANG_WARN_UNREACHABLE_CODE = YES;
				CLANG_WARN__DUPLICATE_METHOD_MATCH = YES;
				"CODE_SIGN_IDENTITY[sdk=iphoneos*]" = "iPhone Developer";
				COPY_PHASE_STRIP = NO;
				ENABLE_STRICT_OBJC_MSGSEND = YES;
				GCC_C_LANGUAGE_STANDARD = gnu99;
				GCC_DYNAMIC_NO_PIC = NO;
				GCC_OPTIMIZATION_LEVEL = 0;
				GCC_PREPROCESSOR_DEFINITIONS = (
					"DEBUG=1",
					"$(inherited)",
				);
				GCC_SYMBOLS_PRIVATE_EXTERN = NO;
				GCC_WARN_64_TO_32_BIT_CONVERSION = YES;
				GCC_WARN_ABOUT_RETURN_TYPE = YES_ERROR;
				GCC_WARN_UNDECLARED_SELECTOR = YES;
				GCC_WARN_UNINITIALIZED_AUTOS = YES_AGGRESSIVE;
				GCC_WARN_UNUSED_FUNCTION = YES;
				GCC_WARN_UNUSED_VARIABLE = YES;
				IPHONEOS_DEPLOYMENT_TARGET = 8.0;
				MTL_ENABLE_DEBUG_INFO = YES;
				ONLY_ACTIVE_ARCH = YES;
				SDKROOT = iphoneos;
				TARGETED_DEVICE_FAMILY = "1,2";
			};
			name = Debug;
		};
		16A3CAC219DAB9E6000222F7 /* Release */ = {
			isa = XCBuildConfiguration;
			buildSettings = {
				ALWAYS_SEARCH_USER_PATHS = NO;
				CLANG_CXX_LANGUAGE_STANDARD = "gnu++0x";
				CLANG_CXX_LIBRARY = "libc++";
				CLANG_ENABLE_MODULES = YES;
				CLANG_ENABLE_OBJC_ARC = YES;
				CLANG_WARN_BOOL_CONVERSION = YES;
				CLANG_WARN_CONSTANT_CONVERSION = YES;
				CLANG_WARN_DIRECT_OBJC_ISA_USAGE = YES_ERROR;
				CLANG_WARN_EMPTY_BODY = YES;
				CLANG_WARN_ENUM_CONVERSION = YES;
				CLANG_WARN_INT_CONVERSION = YES;
				CLANG_WARN_OBJC_ROOT_CLASS = YES_ERROR;
				CLANG_WARN_UNREACHABLE_CODE = YES;
				CLANG_WARN__DUPLICATE_METHOD_MATCH = YES;
				"CODE_SIGN_IDENTITY[sdk=iphoneos*]" = "iPhone Developer";
				COPY_PHASE_STRIP = YES;
				ENABLE_NS_ASSERTIONS = NO;
				ENABLE_STRICT_OBJC_MSGSEND = YES;
				GCC_C_LANGUAGE_STANDARD = gnu99;
				GCC_WARN_64_TO_32_BIT_CONVERSION = YES;
				GCC_WARN_ABOUT_RETURN_TYPE = YES_ERROR;
				GCC_WARN_UNDECLARED_SELECTOR = YES;
				GCC_WARN_UNINITIALIZED_AUTOS = YES_AGGRESSIVE;
				GCC_WARN_UNUSED_FUNCTION = YES;
				GCC_WARN_UNUSED_VARIABLE = YES;
				IPHONEOS_DEPLOYMENT_TARGET = 8.0;
				MTL_ENABLE_DEBUG_INFO = NO;
				SDKROOT = iphoneos;
				TARGETED_DEVICE_FAMILY = "1,2";
				VALIDATE_PRODUCT = YES;
			};
			name = Release;
		};
		16A3CAC419DAB9E6000222F7 /* Debug */ = {
			isa = XCBuildConfiguration;
			buildSettings = {
				ASSETCATALOG_COMPILER_APPICON_NAME = AppIcon;
				INFOPLIST_FILE = 2.tableView/Info.plist;
				LD_RUNPATH_SEARCH_PATHS = "$(inherited) @executable_path/Frameworks";
				PRODUCT_NAME = "$(TARGET_NAME)";
			};
			name = Debug;
		};
		16A3CAC519DAB9E6000222F7 /* Release */ = {
			isa = XCBuildConfiguration;
			buildSettings = {
				ASSETCATALOG_COMPILER_APPICON_NAME = AppIcon;
				INFOPLIST_FILE = 2.tableView/Info.plist;
				LD_RUNPATH_SEARCH_PATHS = "$(inherited) @executable_path/Frameworks";
				PRODUCT_NAME = "$(TARGET_NAME)";
			};
			name = Release;
		};
		16A3CAC719DAB9E6000222F7 /* Debug */ = {
			isa = XCBuildConfiguration;
			buildSettings = {
				BUNDLE_LOADER = "$(TEST_HOST)";
				FRAMEWORK_SEARCH_PATHS = (
					"$(SDKROOT)/Developer/Library/Frameworks",
					"$(inherited)",
				);
				GCC_PREPROCESSOR_DEFINITIONS = (
					"DEBUG=1",
					"$(inherited)",
				);
				INFOPLIST_FILE = 2.tableViewTests/Info.plist;
				LD_RUNPATH_SEARCH_PATHS = "$(inherited) @executable_path/Frameworks @loader_path/Frameworks";
				PRODUCT_NAME = "$(TARGET_NAME)";
				TEST_HOST = "$(BUILT_PRODUCTS_DIR)/2.tableView.app/2.tableView";
			};
			name = Debug;
		};
		16A3CAC819DAB9E6000222F7 /* Release */ = {
			isa = XCBuildConfiguration;
			buildSettings = {
				BUNDLE_LOADER = "$(TEST_HOST)";
				FRAMEWORK_SEARCH_PATHS = (
					"$(SDKROOT)/Developer/Library/Frameworks",
					"$(inherited)",
				);
				INFOPLIST_FILE = 2.tableViewTests/Info.plist;
				LD_RUNPATH_SEARCH_PATHS = "$(inherited) @executable_path/Frameworks @loader_path/Frameworks";
				PRODUCT_NAME = "$(TARGET_NAME)";
				TEST_HOST = "$(BUILT_PRODUCTS_DIR)/2.tableView.app/2.tableView";
			};
			name = Release;
		};
/* End XCBuildConfiguration section */

/* Begin XCConfigurationList section */
		16A3CA9B19DAB9E4000222F7 /* Build configuration list for PBXProject "2.tableView" */ = {
			isa = XCConfigurationList;
			buildConfigurations = (
				16A3CAC119DAB9E6000222F7 /* Debug */,
				16A3CAC219DAB9E6000222F7 /* Release */,
			);
			defaultConfigurationIsVisible = 0;
			defaultConfigurationName = Release;
		};
		16A3CAC319DAB9E6000222F7 /* Build configuration list for PBXNativeTarget "2.tableView" */ = {
			isa = XCConfigurationList;
			buildConfigurations = (
				16A3CAC419DAB9E6000222F7 /* Debug */,
				16A3CAC519DAB9E6000222F7 /* Release */,
			);
			defaultConfigurationIsVisible = 0;
		};
		16A3CAC619DAB9E6000222F7 /* Build configuration list for PBXNativeTarget "2.tableViewTests" */ = {
			isa = XCConfigurationList;
			buildConfigurations = (
				16A3CAC719DAB9E6000222F7 /* Debug */,
				16A3CAC819DAB9E6000222F7 /* Release */,
			);
			defaultConfigurationIsVisible = 0;
		};
/* End XCConfigurationList section */
	};
	rootObject = 16A3CA9819DAB9E4000222F7 /* Project object */;
}
